
Microsoft Visual Studio Solution File, Format Version 12.00
# Visual Studio Version 16
VisualStudioVersion = 16.0.31402.337
MinimumVisualStudioVersion = 10.0.40219.1
Project("{FAE04EC0-301F-11D3-BF4B-00C04F79EFBC}") = "Vatrogasna stanica", "Vatrogasna stanica.csproj", "{27AFEFA1-757B-4D36-9BD9-EDF9D704EDB9}"
EndProject
Global
	GlobalSection(SolutionConfigurationPlatforms) = preSolution
		Debug|Any CPU = Debug|Any CPU
		Release|Any CPU = Release|Any CPU
	EndGlobalSection
	GlobalSection(ProjectConfigurationPlatforms) = postSolution
		{27AFEFA1-757B-4D36-9BD9-EDF9D704EDB9}.Debug|Any CPU.ActiveCfg = Debug|Any CPU
		{27AFEFA1-757B-4D36-9BD9-EDF9D704EDB9}.Debug|Any CPU.Build.0 = Debug|Any CPU
		{27AFEFA1-757B-4D36-9BD9-EDF9D704EDB9}.Release|Any CPU.ActiveCfg = Release|Any CPU
		{27AFEFA1-757B-4D36-9BD9-EDF9D704EDB9}.Release|Any CPU.Build.0 = Release|Any CPU
	EndGlobalSection
	GlobalSection(SolutionProperties) = preSolution
		HideSolutionNode = FALSE
	EndGlobalSection
	GlobalSection(ExtensibilityGlobals) = postSolution
		SolutionGuid = {3DCE0C11-0810-4213-AC8E-01EE559350A7}
	EndGlobalSection
EndGlobal
